// !$*UTF8*$!
{
	archiveVersion = 1;
	classes = {
	};
	objectVersion = 50;
	objects = {

/* Begin PBXBuildFile section */
		8401147921B2B4CE0038B253 /* AppDelegate.swift in Sources */ = {isa = PBXBuildFile; fileRef = 8401147821B2B4CE0038B253 /* AppDelegate.swift */; };
		8401147B21B2B4CE0038B253 /* GameScene.sks in Resources */ = {isa = PBXBuildFile; fileRef = 8401147A21B2B4CE0038B253 /* GameScene.sks */; };
		8401147D21B2B4CE0038B253 /* Actions.sks in Resources */ = {isa = PBXBuildFile; fileRef = 8401147C21B2B4CE0038B253 /* Actions.sks */; };
		8401147F21B2B4CE0038B253 /* GameScene.swift in Sources */ = {isa = PBXBuildFile; fileRef = 8401147E21B2B4CE0038B253 /* GameScene.swift */; };
		8401148121B2B4CE0038B253 /* GameViewController.swift in Sources */ = {isa = PBXBuildFile; fileRef = 8401148021B2B4CE0038B253 /* GameViewController.swift */; };
		8401148421B2B4CE0038B253 /* Main.storyboard in Resources */ = {isa = PBXBuildFile; fileRef = 8401148221B2B4CE0038B253 /* Main.storyboard */; };
		8401148621B2B4CF0038B253 /* Assets.xcassets in Resources */ = {isa = PBXBuildFile; fileRef = 8401148521B2B4CF0038B253 /* Assets.xcassets */; };
		8401148921B2B4CF0038B253 /* LaunchScreen.storyboard in Resources */ = {isa = PBXBuildFile; fileRef = 8401148721B2B4CF0038B253 /* LaunchScreen.storyboard */; };
/* End PBXBuildFile section */

/* Begin PBXFileReference section */
		8401147521B2B4CE0038B253 /* Ara.app */ = {isa = PBXFileReference; explicitFileType = wrapper.application; includeInIndex = 0; path = Ara.app; sourceTree = BUILT_PRODUCTS_DIR; };
		8401147821B2B4CE0038B253 /* AppDelegate.swift */ = {isa = PBXFileReference; lastKnownFileType = sourcecode.swift; path = AppDelegate.swift; sourceTree = "<group>"; };
		8401147A21B2B4CE0038B253 /* GameScene.sks */ = {isa = PBXFileReference; lastKnownFileType = file.sks; path = GameScene.sks; sourceTree = "<group>"; };
		8401147C21B2B4CE0038B253 /* Actions.sks */ = {isa = PBXFileReference; lastKnownFileType = file.sks; path = Actions.sks; sourceTree = "<group>"; };
		8401147E21B2B4CE0038B253 /* GameScene.swift */ = {isa = PBXFileReference; lastKnownFileType = sourcecode.swift; path = GameScene.swift; sourceTree = "<group>"; };
		8401148021B2B4CE0038B253 /* GameViewController.swift */ = {isa = PBXFileReference; lastKnownFileType = sourcecode.swift; path = GameViewController.swift; sourceTree = "<group>"; };
		8401148321B2B4CE0038B253 /* Base */ = {isa = PBXFileReference; lastKnownFileType = file.storyboard; name = Base; path = Base.lproj/Main.storyboard; sourceTree = "<group>"; };
		8401148521B2B4CF0038B253 /* Assets.xcassets */ = {isa = PBXFileReference; lastKnownFileType = folder.assetcatalog; path = Assets.xcassets; sourceTree = "<group>"; };
		8401148821B2B4CF0038B253 /* Base */ = {isa = PBXFileReference; lastKnownFileType = file.storyboard; name = Base; path = Base.lproj/LaunchScreen.storyboard; sourceTree = "<group>"; };
		8401148A21B2B4CF0038B253 /* Info.plist */ = {isa = PBXFileReference; lastKnownFileType = text.plist.xml; path = Info.plist; sourceTree = "<group>"; };
/* End PBXFileReference section */

/* Begin PBXFrameworksBuildPhase section */
		8401147221B2B4CE0038B253 /* Frameworks */ = {
			isa = PBXFrameworksBuildPhase;
			buildActionMask = 2147483647;
			files = (
			);
			runOnlyForDeploymentPostprocessing = 0;
		};
/* End PBXFrameworksBuildPhase section */

/* Begin PBXGroup section */
		8401146C21B2B4CE0038B253 = {
			isa = PBXGroup;
			children = (
				8401147721B2B4CE0038B253 /* Ara */,
				8401147621B2B4CE0038B253 /* Products */,
			);
			sourceTree = "<group>";
		};
		8401147621B2B4CE0038B253 /* Products */ = {
			isa = PBXGroup;
			children = (
				8401147521B2B4CE0038B253 /* Ara.app */,
			);
			name = Products;
			sourceTree = "<group>";
		};
		8401147721B2B4CE0038B253 /* Ara */ = {
			isa = PBXGroup;
			children = (
				8401147821B2B4CE0038B253 /* AppDelegate.swift */,
				8401147A21B2B4CE0038B253 /* GameScene.sks */,
				8401147C21B2B4CE0038B253 /* Actions.sks */,
				8401147E21B2B4CE0038B253 /* GameScene.swift */,
				8401148021B2B4CE0038B253 /* GameViewController.swift */,
				8401148221B2B4CE0038B253 /* Main.storyboard */,
				8401148521B2B4CF0038B253 /* Assets.xcassets */,
				8401148721B2B4CF0038B253 /* LaunchScreen.storyboard */,
				8401148A21B2B4CF0038B253 /* Info.plist */,
			);
			path = Ara;
			sourceTree = "<group>";
		};
/* End PBXGroup section */

/* Begin PBXNativeTarget section */
		8401147421B2B4CE0038B253 /* Ara */ = {
			isa = PBXNativeTarget;
			buildConfigurationList = 8401148D21B2B4CF0038B253 /* Build configuration list for PBXNativeTarget "Ara" */;
			buildPhases = (
				8401147121B2B4CE0038B253 /* Sources */,
				8401147221B2B4CE0038B253 /* Frameworks */,
				8401147321B2B4CE0038B253 /* Resources */,
			);
			buildRules = (
			);
			dependencies = (
			);
			name = Ara;
			productName = Ara;
			productReference = 8401147521B2B4CE0038B253 /* Ara.app */;
			productType = "com.apple.product-type.application";
		};
/* End PBXNativeTarget section */

/* Begin PBXProject section */
		8401146D21B2B4CE0038B253 /* Project object */ = {
			isa = PBXProject;
			attributes = {
				LastSwiftUpdateCheck = 1010;
				LastUpgradeCheck = 1010;
				ORGANIZATIONNAME = "Ramilia Imankulova";
				TargetAttributes = {
					8401147421B2B4CE0038B253 = {
						CreatedOnToolsVersion = 10.1;
					};
				};
			};
			buildConfigurationList = 8401147021B2B4CE0038B253 /* Build configuration list for PBXProject "Ara" */;
			compatibilityVersion = "Xcode 9.3";
			developmentRegion = en;
			hasScannedForEncodings = 0;
			knownRegions = (
				en,
				Base,
			);
			mainGroup = 8401146C21B2B4CE0038B253;
			productRefGroup = 8401147621B2B4CE0038B253 /* Products */;
			projectDirPath = "";
			projectRoot = "";
			targets = (
				8401147421B2B4CE0038B253 /* Ara */,
			);
		};
/* End PBXProject section */

/* Begin PBXResourcesBuildPhase section */
		8401147321B2B4CE0038B253 /* Resources */ = {
			isa = PBXResourcesBuildPhase;
			buildActionMask = 2147483647;
			files = (
				8401148421B2B4CE0038B253 /* Main.storyboard in Resources */,
				8401147B21B2B4CE0038B253 /* GameScene.sks in Resources */,
				8401148621B2B4CF0038B253 /* Assets.xcassets in Resources */,
				8401148921B2B4CF0038B253 /* LaunchScreen.storyboard in Resources */,
				8401147D21B2B4CE0038B253 /* Actions.sks in Resources */,
			);
			runOnlyForDeploymentPostprocessing = 0;
		};
/* End PBXResourcesBuildPhase section */

/* Begin PBXSourcesBuildPhase section */
		8401147121B2B4CE0038B253 /* Sources */ = {
			isa = PBXSourcesBuildPhase;
			buildActionMask = 2147483647;
			files = (
				8401147F21B2B4CE0038B253 /* GameScene.swift in Sources */,
				8401148121B2B4CE0038B253 /* GameViewController.swift in Sources */,
				8401147921B2B4CE0038B253 /* AppDelegate.swift in Sources */,
			);
			runOnlyForDeploymentPostprocessing = 0;
		};
/* End PBXSourcesBuildPhase section */

/* Begin PBXVariantGroup section */
		8401148221B2B4CE0038B253 /* Main.storyboard */ = {
			isa = PBXVariantGroup;
			children = (
				8401148321B2B4CE0038B253 /* Base */,
			);
			name = Main.storyboard;
			sourceTree = "<group>";
		};
		8401148721B2B4CF0038B253 /* LaunchScreen.storyboard */ = {
			isa = PBXVariantGroup;
			children = (
				8401148821B2B4CF0038B253 /* Base */,
			);
			name = LaunchScreen.storyboard;
			sourceTree = "<group>";
		};
/* End PBXVariantGroup section */

/* Begin XCBuildConfiguration section */
		8401148B21B2B4CF0038B253 /* Debug */ = {
			isa = XCBuildConfiguration;
			buildSettings = {
				ALWAYS_SEARCH_USER_PATHS = NO;
				CLANG_ANALYZER_NONNULL = YES;
				CLANG_ANALYZER_NUMBER_OBJECT_CONVERSION = YES_AGGRESSIVE;
				CLANG_CXX_LANGUAGE_STANDARD = "gnu++14";
				CLANG_CXX_LIBRARY = "libc++";
				CLANG_ENABLE_MODULES = YES;
				CLANG_ENABLE_OBJC_ARC = YES;
				CLANG_ENABLE_OBJC_WEAK = YES;
				CLANG_WARN_BLOCK_CAPTURE_AUTORELEASING = YES;
				CLANG_WARN_BOOL_CONVERSION = YES;
				CLANG_WARN_COMMA = YES;
				CLANG_WARN_CONSTANT_CONVERSION = YES;
				CLANG_WARN_DEPRECATED_OBJC_IMPLEMENTATIONS = YES;
				CLANG_WARN_DIRECT_OBJC_ISA_USAGE = YES_ERROR;
				CLANG_WARN_DOCUMENTATION_COMMENTS = YES;
				CLANG_WARN_EMPTY_BODY = YES;
				CLANG_WARN_ENUM_CONVERSION = YES;
				CLANG_WARN_INFINITE_RECURSION = YES;
				CLANG_WARN_INT_CONVERSION = YES;
				CLANG_WARN_NON_LITERAL_NULL_CONVERSION = YES;
				CLANG_WARN_OBJC_IMPLICIT_RETAIN_SELF = YES;
				CLANG_WARN_OBJC_LITERAL_CONVERSION = YES;
				CLANG_WARN_OBJC_ROOT_CLASS = YES_ERROR;
				CLANG_WARN_RANGE_LOOP_ANALYSIS = YES;
				CLANG_WARN_STRICT_PROTOTYPES = YES;
				CLANG_WARN_SUSPICIOUS_MOVE = YES;
				CLANG_WARN_UNGUARDED_AVAILABILITY = YES_AGGRESSIVE;
				CLANG_WARN_UNREACHABLE_CODE = YES;
				CLANG_WARN__DUPLICATE_METHOD_MATCH = YES;
				CODE_SIGN_IDENTITY = "iPhone Developer";
				COPY_PHASE_STRIP = NO;
				DEBUG_INFORMATION_FORMAT = dwarf;
				ENABLE_STRICT_OBJC_MSGSEND = YES;
				ENABLE_TESTABILITY = YES;
				GCC_C_LANGUAGE_STANDARD = gnu11;
				GCC_DYNAMIC_NO_PIC = NO;
				GCC_NO_COMMON_BLOCKS = YES;
				GCC_OPTIMIZATION_LEVEL = 0;
				GCC_PREPROCESSOR_DEFINITIONS = (
					"DEBUG=1",
					"$(inherited)",
				);
				GCC_WARN_64_TO_32_BIT_CONVERSION = YES;
				GCC_WARN_ABOUT_RETURN_TYPE = YES_ERROR;
				GCC_WARN_UNDECLARED_SELECTOR = YES;
				GCC_WARN_UNINITIALIZED_AUTOS = YES_AGGRESSIVE;
				GCC_WARN_UNUSED_FUNCTION = YES;
				GCC_WARN_UNUSED_VARIABLE = YES;
				IPHONEOS_DEPLOYMENT_TARGET = 12.1;
				MTL_ENABLE_DEBUG_INFO = INCLUDE_SOURCE;
				MTL_FAST_MATH = YES;
				ONLY_ACTIVE_ARCH = YES;
				SDKROOT = iphoneos;
				SWIFT_ACTIVE_COMPILATION_CONDITIONS = DEBUG;
				SWIFT_OPTIMIZATION_LEVEL = "-Onone";
			};
			name = Debug;
		};
		8401148C21B2B4CF0038B253 /* Release */ = {
			isa = XCBuildConfiguration;
			buildSettings = {
				ALWAYS_SEARCH_USER_PATHS = NO;
				CLANG_ANALYZER_NONNULL = YES;
				CLANG_ANALYZER_NUMBER_OBJECT_CONVERSION = YES_AGGRESSIVE;
				CLANG_CXX_LANGUAGE_STANDARD = "gnu++14";
				CLANG_CXX_LIBRARY = "libc++";
				CLANG_ENABLE_MODULES = YES;
				CLANG_ENABLE_OBJC_ARC = YES;
				CLANG_ENABLE_OBJC_WEAK = YES;
				CLANG_WARN_BLOCK_CAPTURE_AUTORELEASING = YES;
				CLANG_WARN_BOOL_CONVERSION = YES;
				CLANG_WARN_COMMA = YES;
				CLANG_WARN_CONSTANT_CONVERSION = YES;
				CLANG_WARN_DEPRECATED_OBJC_IMPLEMENTATIONS = YES;
				CLANG_WARN_DIRECT_OBJC_ISA_USAGE = YES_ERROR;
				CLANG_WARN_DOCUMENTATION_COMMENTS = YES;
				CLANG_WARN_EMPTY_BODY = YES;
				CLANG_WARN_ENUM_CONVERSION = YES;
				CLANG_WARN_INFINITE_RECURSION = YES;
				CLANG_WARN_INT_CONVERSION = YES;
				CLANG_WARN_NON_LITERAL_NULL_CONVERSION = YES;
				CLANG_WARN_OBJC_IMPLICIT_RETAIN_SELF = YES;
				CLANG_WARN_OBJC_LITERAL_CONVERSION = YES;
				CLANG_WARN_OBJC_ROOT_CLASS = YES_ERROR;
				CLANG_WARN_RANGE_LOOP_ANALYSIS = YES;
				CLANG_WARN_STRICT_PROTOTYPES = YES;
				CLANG_WARN_SUSPICIOUS_MOVE = YES;
				CLANG_WARN_UNGUARDED_AVAILABILITY = YES_AGGRESSIVE;
				CLANG_WARN_UNREACHABLE_CODE = YES;
				CLANG_WARN__DUPLICATE_METHOD_MATCH = YES;
				CODE_SIGN_IDENTITY = "iPhone Developer";
				COPY_PHASE_STRIP = NO;
				DEBUG_INFORMATION_FORMAT = "dwarf-with-dsym";
				ENABLE_NS_ASSERTIONS = NO;
				ENABLE_STRICT_OBJC_MSGSEND = YES;
				GCC_C_LANGUAGE_STANDARD = gnu11;
				GCC_NO_COMMON_BLOCKS = YES;
				GCC_WARN_64_TO_32_BIT_CONVERSION = YES;
				GCC_WARN_ABOUT_RETURN_TYPE = YES_ERROR;
				GCC_WARN_UNDECLARED_SELECTOR = YES;
				GCC_WARN_UNINITIALIZED_AUTOS = YES_AGGRESSIVE;
				GCC_WARN_UNUSED_FUNCTION = YES;
				GCC_WARN_UNUSED_VARIABLE = YES;
				IPHONEOS_DEPLOYMENT_TARGET = 12.1;
				MTL_ENABLE_DEBUG_INFO = NO;
				MTL_FAST_MATH = YES;
				SDKROOT = iphoneos;
				SWIFT_COMPILATION_MODE = wholemodule;
				SWIFT_OPTIMIZATION_LEVEL = "-O";
				VALIDATE_PRODUCT = YES;
			};
			name = Release;
		};
		8401148E21B2B4CF0038B253 /* Debug */ = {
			isa = XCBuildConfiguration;
			buildSettings = {
				ASSETCATALOG_COMPILER_APPICON_NAME = AppIcon;
				CODE_SIGN_STYLE = Automatic;
				DEVELOPMENT_TEAM = ZN9C7BT8HH;
				INFOPLIST_FILE = Ara/Info.plist;
				LD_RUNPATH_SEARCH_PATHS = (
					"$(inherited)",
					"@executable_path/Frameworks",
				);
				PRODUCT_BUNDLE_IDENTIFIER = com.ramiliaimankulova.Ara;
				PRODUCT_NAME = "$(TARGET_NAME)";
				SWIFT_VERSION = 4.2;
				TARGETED_DEVICE_FAMILY = "1,2";
			};
			name = Debug;
		};
		8401148F21B2B4CF0038B253 /* Release */ = {
			isa = XCBuildConfiguration;
			buildSettings = {
				ASSETCATALOG_COMPILER_APPICON_NAME = AppIcon;
				CODE_SIGN_STYLE = Automatic;
				DEVELOPMENT_TEAM = ZN9C7BT8HH;
				INFOPLIST_FILE = Ara/Info.plist;
				LD_RUNPATH_SEARCH_PATHS = (
					"$(inherited)",
					"@executable_path/Frameworks",
				);
				PRODUCT_BUNDLE_IDENTIFIER = com.ramiliaimankulova.Ara;
				PRODUCT_NAME = "$(TARGET_NAME)";
				SWIFT_VERSION = 4.2;
				TARGETED_DEVICE_FAMILY = "1,2";
			};
			name = Release;
		};
/* End XCBuildConfiguration section */

/* Begin XCConfigurationList section */
		8401147021B2B4CE0038B253 /* Build configuration list for PBXProject "Ara" */ = {
			isa = XCConfigurationList;
			buildConfigurations = (
				8401148B21B2B4CF0038B253 /* Debug */,
				8401148C21B2B4CF0038B253 /* Release */,
			);
			defaultConfigurationIsVisible = 0;
			defaultConfigurationName = Release;
		};
		8401148D21B2B4CF0038B253 /* Build configuration list for PBXNativeTarget "Ara" */ = {
			isa = XCConfigurationList;
			buildConfigurations = (
				8401148E21B2B4CF0038B253 /* Debug */,
				8401148F21B2B4CF0038B253 /* Release */,
			);
			defaultConfigurationIsVisible = 0;
			defaultConfigurationName = Release;
		};
/* End XCConfigurationList section */
	};
	rootObject = 8401146D21B2B4CE0038B253 /* Project object */;
}
